
Microsoft Visual Studio Solution File, Format Version 12.00
# Visual Studio Version 17
VisualStudioVersion = 17.7.34003.232
MinimumVisualStudioVersion = 10.0.40219.1
Project("{FAE04EC0-301F-11D3-BF4B-00C04F79EFBC}") = "Ticket_Booking_system_Backend_EAD", "Ticket_Booking_system_ead\Ticket_Booking_system_Backend_EAD.csproj", "{FCE87389-FB52-42CD-9736-869B4ABF7F73}"
EndProject
Global
	GlobalSection(SolutionConfigurationPlatforms) = preSolution
		Debug|Any CPU = Debug|Any CPU
		Release|Any CPU = Release|Any CPU
	EndGlobalSection
	GlobalSection(ProjectConfigurationPlatforms) = postSolution
		{FCE87389-FB52-42CD-9736-869B4ABF7F73}.Debug|Any CPU.ActiveCfg = Debug|Any CPU
		{FCE87389-FB52-42CD-9736-869B4ABF7F73}.Debug|Any CPU.Build.0 = Debug|Any CPU
		{FCE87389-FB52-42CD-9736-869B4ABF7F73}.Release|Any CPU.ActiveCfg = Release|Any CPU
		{FCE87389-FB52-42CD-9736-869B4ABF7F73}.Release|Any CPU.Build.0 = Release|Any CPU
	EndGlobalSection
	GlobalSection(SolutionProperties) = preSolution
		HideSolutionNode = FALSE
	EndGlobalSection
	GlobalSection(ExtensibilityGlobals) = postSolution
		SolutionGuid = {B519ADA6-2C36-421A-A566-47FC5EF4131D}
	EndGlobalSection
EndGlobal
